
Microsoft Visual Studio Solution File, Format Version 12.00
# Visual Studio Version 17
VisualStudioVersion = 17.13.35818.85
MinimumVisualStudioVersion = 10.0.40219.1
Project("{2150E333-8FDC-42A3-9474-1A3956D46DE8}") = "BLL", "BLL", "{02EA681E-C7D8-13C7-8484-4AC65E1B71E8}"
EndProject
Project("{2150E333-8FDC-42A3-9474-1A3956D46DE8}") = "DAL", "DAL", "{4F9CC15D-FF48-4E59-B9C3-C9648C9E83CC}"
EndProject
Project("{2150E333-8FDC-42A3-9474-1A3956D46DE8}") = "Presentation", "Presentation", "{79F82997-1F87-46BC-859C-4F2488FA4833}"
EndProject
Project("{FAE04EC0-301F-11D3-BF4B-00C04F79EFBC}") = "Ajansim.Contracts", "Ajansim.Contracts\Ajansim.Contracts.csproj", "{2C7A2713-1692-4511-A85E-17BD55FFFB49}"
EndProject
Project("{FAE04EC0-301F-11D3-BF4B-00C04F79EFBC}") = "Ajansim.DTO", "Ajansim.DTO\Ajansim.DTO.csproj", "{3F983971-800C-4212-8CD2-12EDADC9B9FA}"
EndProject
Project("{FAE04EC0-301F-11D3-BF4B-00C04F79EFBC}") = "Ajansim.Services", "Ajansim.Services\Ajansim.Services.csproj", "{B4897D65-8F1C-469E-A6D3-C00276C657D4}"
EndProject
Project("{FAE04EC0-301F-11D3-BF4B-00C04F79EFBC}") = "Ajansim.Context", "Ajansim.Context\Ajansim.Context.csproj", "{85479789-1A10-43BB-9B32-F0E1AE387470}"
EndProject
Project("{FAE04EC0-301F-11D3-BF4B-00C04F79EFBC}") = "Ajansim.Core", "Ajansim.Core\Ajansim.Core.csproj", "{AD207A91-C0A9-4244-A9E6-67493EC11991}"
EndProject
Project("{FAE04EC0-301F-11D3-BF4B-00C04F79EFBC}") = "Ajansim.Entities", "Ajansim.Entities\Ajansim.Entities.csproj", "{55727408-A634-4A67-9CCF-0AD09438A83C}"
EndProject
Project("{FAE04EC0-301F-11D3-BF4B-00C04F79EFBC}") = "Ajansim.Mapping", "Ajansim.Mapping\Ajansim.Mapping.csproj", "{F5463C95-9AE0-47B8-8646-703DDAE856BC}"
EndProject
Project("{FAE04EC0-301F-11D3-BF4B-00C04F79EFBC}") = "Ajansim.WebUI", "Ajansim.WebUI\Ajansim.WebUI.csproj", "{3B4A017B-08E6-419A-BF74-77FFC7FAF52E}"
EndProject
Global
	GlobalSection(SolutionConfigurationPlatforms) = preSolution
		Debug|Any CPU = Debug|Any CPU
		Release|Any CPU = Release|Any CPU
	EndGlobalSection
	GlobalSection(ProjectConfigurationPlatforms) = postSolution
		{2C7A2713-1692-4511-A85E-17BD55FFFB49}.Debug|Any CPU.ActiveCfg = Debug|Any CPU
		{2C7A2713-1692-4511-A85E-17BD55FFFB49}.Debug|Any CPU.Build.0 = Debug|Any CPU
		{2C7A2713-1692-4511-A85E-17BD55FFFB49}.Release|Any CPU.ActiveCfg = Release|Any CPU
		{2C7A2713-1692-4511-A85E-17BD55FFFB49}.Release|Any CPU.Build.0 = Release|Any CPU
		{3F983971-800C-4212-8CD2-12EDADC9B9FA}.Debug|Any CPU.ActiveCfg = Debug|Any CPU
		{3F983971-800C-4212-8CD2-12EDADC9B9FA}.Debug|Any CPU.Build.0 = Debug|Any CPU
		{3F983971-800C-4212-8CD2-12EDADC9B9FA}.Release|Any CPU.ActiveCfg = Release|Any CPU
		{3F983971-800C-4212-8CD2-12EDADC9B9FA}.Release|Any CPU.Build.0 = Release|Any CPU
		{B4897D65-8F1C-469E-A6D3-C00276C657D4}.Debug|Any CPU.ActiveCfg = Debug|Any CPU
		{B4897D65-8F1C-469E-A6D3-C00276C657D4}.Debug|Any CPU.Build.0 = Debug|Any CPU
		{B4897D65-8F1C-469E-A6D3-C00276C657D4}.Release|Any CPU.ActiveCfg = Release|Any CPU
		{B4897D65-8F1C-469E-A6D3-C00276C657D4}.Release|Any CPU.Build.0 = Release|Any CPU
		{85479789-1A10-43BB-9B32-F0E1AE387470}.Debug|Any CPU.ActiveCfg = Debug|Any CPU
		{85479789-1A10-43BB-9B32-F0E1AE387470}.Debug|Any CPU.Build.0 = Debug|Any CPU
		{85479789-1A10-43BB-9B32-F0E1AE387470}.Release|Any CPU.ActiveCfg = Release|Any CPU
		{85479789-1A10-43BB-9B32-F0E1AE387470}.Release|Any CPU.Build.0 = Release|Any CPU
		{AD207A91-C0A9-4244-A9E6-67493EC11991}.Debug|Any CPU.ActiveCfg = Debug|Any CPU
		{AD207A91-C0A9-4244-A9E6-67493EC11991}.Debug|Any CPU.Build.0 = Debug|Any CPU
		{AD207A91-C0A9-4244-A9E6-67493EC11991}.Release|Any CPU.ActiveCfg = Release|Any CPU
		{AD207A91-C0A9-4244-A9E6-67493EC11991}.Release|Any CPU.Build.0 = Release|Any CPU
		{55727408-A634-4A67-9CCF-0AD09438A83C}.Debug|Any CPU.ActiveCfg = Debug|Any CPU
		{55727408-A634-4A67-9CCF-0AD09438A83C}.Debug|Any CPU.Build.0 = Debug|Any CPU
		{55727408-A634-4A67-9CCF-0AD09438A83C}.Release|Any CPU.ActiveCfg = Release|Any CPU
		{55727408-A634-4A67-9CCF-0AD09438A83C}.Release|Any CPU.Build.0 = Release|Any CPU
		{F5463C95-9AE0-47B8-8646-703DDAE856BC}.Debug|Any CPU.ActiveCfg = Debug|Any CPU
		{F5463C95-9AE0-47B8-8646-703DDAE856BC}.Debug|Any CPU.Build.0 = Debug|Any CPU
		{F5463C95-9AE0-47B8-8646-703DDAE856BC}.Release|Any CPU.ActiveCfg = Release|Any CPU
		{F5463C95-9AE0-47B8-8646-703DDAE856BC}.Release|Any CPU.Build.0 = Release|Any CPU
		{3B4A017B-08E6-419A-BF74-77FFC7FAF52E}.Debug|Any CPU.ActiveCfg = Debug|Any CPU
		{3B4A017B-08E6-419A-BF74-77FFC7FAF52E}.Debug|Any CPU.Build.0 = Debug|Any CPU
		{3B4A017B-08E6-419A-BF74-77FFC7FAF52E}.Release|Any CPU.ActiveCfg = Release|Any CPU
		{3B4A017B-08E6-419A-BF74-77FFC7FAF52E}.Release|Any CPU.Build.0 = Release|Any CPU
	EndGlobalSection
	GlobalSection(SolutionProperties) = preSolution
		HideSolutionNode = FALSE
	EndGlobalSection
	GlobalSection(NestedProjects) = preSolution
		{2C7A2713-1692-4511-A85E-17BD55FFFB49} = {02EA681E-C7D8-13C7-8484-4AC65E1B71E8}
		{3F983971-800C-4212-8CD2-12EDADC9B9FA} = {02EA681E-C7D8-13C7-8484-4AC65E1B71E8}
		{B4897D65-8F1C-469E-A6D3-C00276C657D4} = {02EA681E-C7D8-13C7-8484-4AC65E1B71E8}
		{85479789-1A10-43BB-9B32-F0E1AE387470} = {4F9CC15D-FF48-4E59-B9C3-C9648C9E83CC}
		{AD207A91-C0A9-4244-A9E6-67493EC11991} = {4F9CC15D-FF48-4E59-B9C3-C9648C9E83CC}
		{55727408-A634-4A67-9CCF-0AD09438A83C} = {4F9CC15D-FF48-4E59-B9C3-C9648C9E83CC}
		{F5463C95-9AE0-47B8-8646-703DDAE856BC} = {4F9CC15D-FF48-4E59-B9C3-C9648C9E83CC}
		{3B4A017B-08E6-419A-BF74-77FFC7FAF52E} = {79F82997-1F87-46BC-859C-4F2488FA4833}
	EndGlobalSection
	GlobalSection(ExtensibilityGlobals) = postSolution
		SolutionGuid = {DEEBAFD9-5D9C-4A79-A83C-2680D7360806}
	EndGlobalSection
EndGlobal
